
Microsoft Visual Studio Solution File, Format Version 12.00
# Visual Studio Version 16
VisualStudioVersion = 16.0.31205.134
MinimumVisualStudioVersion = 10.0.40219.1
Project("{9A19103F-16F7-4668-BE54-9A1E7A4F7556}") = "WebToDo", "WebToDo\WebToDo.csproj", "{815155B9-2941-41D5-A919-7BCA2C2B6680}"
EndProject
Project("{9A19103F-16F7-4668-BE54-9A1E7A4F7556}") = "Infrastructure", "Infrastructure\Infrastructure.csproj", "{5143BE9D-F1D9-42C0-86D2-F8ED22A3EF4A}"
EndProject
Project("{9A19103F-16F7-4668-BE54-9A1E7A4F7556}") = "WindowsClient", "WindowsClient\WindowsClient.csproj", "{29DC5E98-5CD3-48A0-89D3-73DC653FCAEC}"
EndProject
Project("{2150E333-8FDC-42A3-9474-1A3956D46DE8}") = "Mobile", "Mobile", "{DAE2907A-63FA-41CF-8022-9B2BB3AAC0F5}"
EndProject
Project("{FAE04EC0-301F-11D3-BF4B-00C04F79EFBC}") = "MobileClient.Android", "MobileClient\MobileClient.Android\MobileClient.Android.csproj", "{8BFC333A-44A7-405B-BE98-F5DF1B5D02EB}"
EndProject
Project("{FAE04EC0-301F-11D3-BF4B-00C04F79EFBC}") = "MobileClient.iOS", "MobileClient\MobileClient.iOS\MobileClient.iOS.csproj", "{5CD3C1CB-5DAD-43BB-9D15-B44921D7F0AA}"
EndProject
Project("{9A19103F-16F7-4668-BE54-9A1E7A4F7556}") = "MobileClient", "MobileClient\MobileClient\MobileClient.csproj", "{38D12DAB-9FAE-49A1-9736-F014E509A7DA}"
EndProject
Project("{FAE04EC0-301F-11D3-BF4B-00C04F79EFBC}") = "Core", "Core\Core.csproj", "{332B6FD4-6642-4C3E-AD0C-BD3B4C5BF14A}"
EndProject
Global
	GlobalSection(SolutionConfigurationPlatforms) = preSolution
		Debug|Any CPU = Debug|Any CPU
		Debug|ARM = Debug|ARM
		Debug|ARM64 = Debug|ARM64
		Debug|iPhone = Debug|iPhone
		Debug|iPhoneSimulator = Debug|iPhoneSimulator
		Debug|x64 = Debug|x64
		Debug|x86 = Debug|x86
		Release|Any CPU = Release|Any CPU
		Release|ARM = Release|ARM
		Release|ARM64 = Release|ARM64
		Release|iPhone = Release|iPhone
		Release|iPhoneSimulator = Release|iPhoneSimulator
		Release|x64 = Release|x64
		Release|x86 = Release|x86
	EndGlobalSection
	GlobalSection(ProjectConfigurationPlatforms) = postSolution
		{815155B9-2941-41D5-A919-7BCA2C2B6680}.Debug|Any CPU.ActiveCfg = Debug|Any CPU
		{815155B9-2941-41D5-A919-7BCA2C2B6680}.Debug|Any CPU.Build.0 = Debug|Any CPU
		{815155B9-2941-41D5-A919-7BCA2C2B6680}.Debug|ARM.ActiveCfg = Debug|Any CPU
		{815155B9-2941-41D5-A919-7BCA2C2B6680}.Debug|ARM.Build.0 = Debug|Any CPU
		{815155B9-2941-41D5-A919-7BCA2C2B6680}.Debug|ARM64.ActiveCfg = Debug|Any CPU
		{815155B9-2941-41D5-A919-7BCA2C2B6680}.Debug|ARM64.Build.0 = Debug|Any CPU
		{815155B9-2941-41D5-A919-7BCA2C2B6680}.Debug|iPhone.ActiveCfg = Debug|Any CPU
		{815155B9-2941-41D5-A919-7BCA2C2B6680}.Debug|iPhone.Build.0 = Debug|Any CPU
		{815155B9-2941-41D5-A919-7BCA2C2B6680}.Debug|iPhoneSimulator.ActiveCfg = Debug|Any CPU
		{815155B9-2941-41D5-A919-7BCA2C2B6680}.Debug|iPhoneSimulator.Build.0 = Debug|Any CPU
		{815155B9-2941-41D5-A919-7BCA2C2B6680}.Debug|x64.ActiveCfg = Debug|Any CPU
		{815155B9-2941-41D5-A919-7BCA2C2B6680}.Debug|x64.Build.0 = Debug|Any CPU
		{815155B9-2941-41D5-A919-7BCA2C2B6680}.Debug|x86.ActiveCfg = Debug|Any CPU
		{815155B9-2941-41D5-A919-7BCA2C2B6680}.Debug|x86.Build.0 = Debug|Any CPU
		{815155B9-2941-41D5-A919-7BCA2C2B6680}.Release|Any CPU.ActiveCfg = Release|Any CPU
		{815155B9-2941-41D5-A919-7BCA2C2B6680}.Release|Any CPU.Build.0 = Release|Any CPU
		{815155B9-2941-41D5-A919-7BCA2C2B6680}.Release|ARM.ActiveCfg = Release|Any CPU
		{815155B9-2941-41D5-A919-7BCA2C2B6680}.Release|ARM.Build.0 = Release|Any CPU
		{815155B9-2941-41D5-A919-7BCA2C2B6680}.Release|ARM64.ActiveCfg = Release|Any CPU
		{815155B9-2941-41D5-A919-7BCA2C2B6680}.Release|ARM64.Build.0 = Release|Any CPU
		{815155B9-2941-41D5-A919-7BCA2C2B6680}.Release|iPhone.ActiveCfg = Release|Any CPU
		{815155B9-2941-41D5-A919-7BCA2C2B6680}.Release|iPhone.Build.0 = Release|Any CPU
		{815155B9-2941-41D5-A919-7BCA2C2B6680}.Release|iPhoneSimulator.ActiveCfg = Release|Any CPU
		{815155B9-2941-41D5-A919-7BCA2C2B6680}.Release|iPhoneSimulator.Build.0 = Release|Any CPU
		{815155B9-2941-41D5-A919-7BCA2C2B6680}.Release|x64.ActiveCfg = Release|Any CPU
		{815155B9-2941-41D5-A919-7BCA2C2B6680}.Release|x64.Build.0 = Release|Any CPU
		{815155B9-2941-41D5-A919-7BCA2C2B6680}.Release|x86.ActiveCfg = Release|Any CPU
		{815155B9-2941-41D5-A919-7BCA2C2B6680}.Release|x86.Build.0 = Release|Any CPU
		{5143BE9D-F1D9-42C0-86D2-F8ED22A3EF4A}.Debug|Any CPU.ActiveCfg = Debug|Any CPU
		{5143BE9D-F1D9-42C0-86D2-F8ED22A3EF4A}.Debug|Any CPU.Build.0 = Debug|Any CPU
		{5143BE9D-F1D9-42C0-86D2-F8ED22A3EF4A}.Debug|ARM.ActiveCfg = Debug|Any CPU
		{5143BE9D-F1D9-42C0-86D2-F8ED22A3EF4A}.Debug|ARM.Build.0 = Debug|Any CPU
		{5143BE9D-F1D9-42C0-86D2-F8ED22A3EF4A}.Debug|ARM64.ActiveCfg = Debug|Any CPU
		{5143BE9D-F1D9-42C0-86D2-F8ED22A3EF4A}.Debug|ARM64.Build.0 = Debug|Any CPU
		{5143BE9D-F1D9-42C0-86D2-F8ED22A3EF4A}.Debug|iPhone.ActiveCfg = Debug|Any CPU
		{5143BE9D-F1D9-42C0-86D2-F8ED22A3EF4A}.Debug|iPhone.Build.0 = Debug|Any CPU
		{5143BE9D-F1D9-42C0-86D2-F8ED22A3EF4A}.Debug|iPhoneSimulator.ActiveCfg = Debug|Any CPU
		{5143BE9D-F1D9-42C0-86D2-F8ED22A3EF4A}.Debug|iPhoneSimulator.Build.0 = Debug|Any CPU
		{5143BE9D-F1D9-42C0-86D2-F8ED22A3EF4A}.Debug|x64.ActiveCfg = Debug|Any CPU
		{5143BE9D-F1D9-42C0-86D2-F8ED22A3EF4A}.Debug|x64.Build.0 = Debug|Any CPU
		{5143BE9D-F1D9-42C0-86D2-F8ED22A3EF4A}.Debug|x86.ActiveCfg = Debug|Any CPU
		{5143BE9D-F1D9-42C0-86D2-F8ED22A3EF4A}.Debug|x86.Build.0 = Debug|Any CPU
		{5143BE9D-F1D9-42C0-86D2-F8ED22A3EF4A}.Release|Any CPU.ActiveCfg = Release|Any CPU
		{5143BE9D-F1D9-42C0-86D2-F8ED22A3EF4A}.Release|Any CPU.Build.0 = Release|Any CPU
		{5143BE9D-F1D9-42C0-86D2-F8ED22A3EF4A}.Release|ARM.ActiveCfg = Release|Any CPU
		{5143BE9D-F1D9-42C0-86D2-F8ED22A3EF4A}.Release|ARM.Build.0 = Release|Any CPU
		{5143BE9D-F1D9-42C0-86D2-F8ED22A3EF4A}.Release|ARM64.ActiveCfg = Release|Any CPU
		{5143BE9D-F1D9-42C0-86D2-F8ED22A3EF4A}.Release|ARM64.Build.0 = Release|Any CPU
		{5143BE9D-F1D9-42C0-86D2-F8ED22A3EF4A}.Release|iPhone.ActiveCfg = Release|Any CPU
		{5143BE9D-F1D9-42C0-86D2-F8ED22A3EF4A}.Release|iPhone.Build.0 = Release|Any CPU
		{5143BE9D-F1D9-42C0-86D2-F8ED22A3EF4A}.Release|iPhoneSimulator.ActiveCfg = Release|Any CPU
		{5143BE9D-F1D9-42C0-86D2-F8ED22A3EF4A}.Release|iPhoneSimulator.Build.0 = Release|Any CPU
		{5143BE9D-F1D9-42C0-86D2-F8ED22A3EF4A}.Release|x64.ActiveCfg = Release|Any CPU
		{5143BE9D-F1D9-42C0-86D2-F8ED22A3EF4A}.Release|x64.Build.0 = Release|Any CPU
		{5143BE9D-F1D9-42C0-86D2-F8ED22A3EF4A}.Release|x86.ActiveCfg = Release|Any CPU
		{5143BE9D-F1D9-42C0-86D2-F8ED22A3EF4A}.Release|x86.Build.0 = Release|Any CPU
		{29DC5E98-5CD3-48A0-89D3-73DC653FCAEC}.Debug|Any CPU.ActiveCfg = Debug|Any CPU
		{29DC5E98-5CD3-48A0-89D3-73DC653FCAEC}.Debug|Any CPU.Build.0 = Debug|Any CPU
		{29DC5E98-5CD3-48A0-89D3-73DC653FCAEC}.Debug|ARM.ActiveCfg = Debug|Any CPU
		{29DC5E98-5CD3-48A0-89D3-73DC653FCAEC}.Debug|ARM.Build.0 = Debug|Any CPU
		{29DC5E98-5CD3-48A0-89D3-73DC653FCAEC}.Debug|ARM64.ActiveCfg = Debug|Any CPU
		{29DC5E98-5CD3-48A0-89D3-73DC653FCAEC}.Debug|ARM64.Build.0 = Debug|Any CPU
		{29DC5E98-5CD3-48A0-89D3-73DC653FCAEC}.Debug|iPhone.ActiveCfg = Debug|Any CPU
		{29DC5E98-5CD3-48A0-89D3-73DC653FCAEC}.Debug|iPhone.Build.0 = Debug|Any CPU
		{29DC5E98-5CD3-48A0-89D3-73DC653FCAEC}.Debug|iPhoneSimulator.ActiveCfg = Debug|Any CPU
		{29DC5E98-5CD3-48A0-89D3-73DC653FCAEC}.Debug|iPhoneSimulator.Build.0 = Debug|Any CPU
		{29DC5E98-5CD3-48A0-89D3-73DC653FCAEC}.Debug|x64.ActiveCfg = Debug|Any CPU
		{29DC5E98-5CD3-48A0-89D3-73DC653FCAEC}.Debug|x64.Build.0 = Debug|Any CPU
		{29DC5E98-5CD3-48A0-89D3-73DC653FCAEC}.Debug|x86.ActiveCfg = Debug|Any CPU
		{29DC5E98-5CD3-48A0-89D3-73DC653FCAEC}.Debug|x86.Build.0 = Debug|Any CPU
		{29DC5E98-5CD3-48A0-89D3-73DC653FCAEC}.Release|Any CPU.ActiveCfg = Release|Any CPU
		{29DC5E98-5CD3-48A0-89D3-73DC653FCAEC}.Release|Any CPU.Build.0 = Release|Any CPU
		{29DC5E98-5CD3-48A0-89D3-73DC653FCAEC}.Release|ARM.ActiveCfg = Release|Any CPU
		{29DC5E98-5CD3-48A0-89D3-73DC653FCAEC}.Release|ARM.Build.0 = Release|Any CPU
		{29DC5E98-5CD3-48A0-89D3-73DC653FCAEC}.Release|ARM64.ActiveCfg = Release|Any CPU
		{29DC5E98-5CD3-48A0-89D3-73DC653FCAEC}.Release|ARM64.Build.0 = Release|Any CPU
		{29DC5E98-5CD3-48A0-89D3-73DC653FCAEC}.Release|iPhone.ActiveCfg = Release|Any CPU
		{29DC5E98-5CD3-48A0-89D3-73DC653FCAEC}.Release|iPhone.Build.0 = Release|Any CPU
		{29DC5E98-5CD3-48A0-89D3-73DC653FCAEC}.Release|iPhoneSimulator.ActiveCfg = Release|Any CPU
		{29DC5E98-5CD3-48A0-89D3-73DC653FCAEC}.Release|iPhoneSimulator.Build.0 = Release|Any CPU
		{29DC5E98-5CD3-48A0-89D3-73DC653FCAEC}.Release|x64.ActiveCfg = Release|Any CPU
		{29DC5E98-5CD3-48A0-89D3-73DC653FCAEC}.Release|x64.Build.0 = Release|Any CPU
		{29DC5E98-5CD3-48A0-89D3-73DC653FCAEC}.Release|x86.ActiveCfg = Release|Any CPU
		{29DC5E98-5CD3-48A0-89D3-73DC653FCAEC}.Release|x86.Build.0 = Release|Any CPU
		{8BFC333A-44A7-405B-BE98-F5DF1B5D02EB}.Debug|Any CPU.ActiveCfg = Debug|Any CPU
		{8BFC333A-44A7-405B-BE98-F5DF1B5D02EB}.Debug|Any CPU.Build.0 = Debug|Any CPU
		{8BFC333A-44A7-405B-BE98-F5DF1B5D02EB}.Debug|Any CPU.Deploy.0 = Debug|Any CPU
		{8BFC333A-44A7-405B-BE98-F5DF1B5D02EB}.Debug|ARM.ActiveCfg = Debug|Any CPU
		{8BFC333A-44A7-405B-BE98-F5DF1B5D02EB}.Debug|ARM.Build.0 = Debug|Any CPU
		{8BFC333A-44A7-405B-BE98-F5DF1B5D02EB}.Debug|ARM.Deploy.0 = Debug|Any CPU
		{8BFC333A-44A7-405B-BE98-F5DF1B5D02EB}.Debug|ARM64.ActiveCfg = Debug|Any CPU
		{8BFC333A-44A7-405B-BE98-F5DF1B5D02EB}.Debug|ARM64.Build.0 = Debug|Any CPU
		{8BFC333A-44A7-405B-BE98-F5DF1B5D02EB}.Debug|ARM64.Deploy.0 = Debug|Any CPU
		{8BFC333A-44A7-405B-BE98-F5DF1B5D02EB}.Debug|iPhone.ActiveCfg = Debug|Any CPU
		{8BFC333A-44A7-405B-BE98-F5DF1B5D02EB}.Debug|iPhone.Build.0 = Debug|Any CPU
		{8BFC333A-44A7-405B-BE98-F5DF1B5D02EB}.Debug|iPhone.Deploy.0 = Debug|Any CPU
		{8BFC333A-44A7-405B-BE98-F5DF1B5D02EB}.Debug|iPhoneSimulator.ActiveCfg = Debug|Any CPU
		{8BFC333A-44A7-405B-BE98-F5DF1B5D02EB}.Debug|iPhoneSimulator.Build.0 = Debug|Any CPU
		{8BFC333A-44A7-405B-BE98-F5DF1B5D02EB}.Debug|iPhoneSimulator.Deploy.0 = Debug|Any CPU
		{8BFC333A-44A7-405B-BE98-F5DF1B5D02EB}.Debug|x64.ActiveCfg = Debug|Any CPU
		{8BFC333A-44A7-405B-BE98-F5DF1B5D02EB}.Debug|x64.Build.0 = Debug|Any CPU
		{8BFC333A-44A7-405B-BE98-F5DF1B5D02EB}.Debug|x64.Deploy.0 = Debug|Any CPU
		{8BFC333A-44A7-405B-BE98-F5DF1B5D02EB}.Debug|x86.ActiveCfg = Debug|Any CPU
		{8BFC333A-44A7-405B-BE98-F5DF1B5D02EB}.Debug|x86.Build.0 = Debug|Any CPU
		{8BFC333A-44A7-405B-BE98-F5DF1B5D02EB}.Debug|x86.Deploy.0 = Debug|Any CPU
		{8BFC333A-44A7-405B-BE98-F5DF1B5D02EB}.Release|Any CPU.ActiveCfg = Release|Any CPU
		{8BFC333A-44A7-405B-BE98-F5DF1B5D02EB}.Release|Any CPU.Build.0 = Release|Any CPU
		{8BFC333A-44A7-405B-BE98-F5DF1B5D02EB}.Release|Any CPU.Deploy.0 = Release|Any CPU
		{8BFC333A-44A7-405B-BE98-F5DF1B5D02EB}.Release|ARM.ActiveCfg = Release|Any CPU
		{8BFC333A-44A7-405B-BE98-F5DF1B5D02EB}.Release|ARM.Build.0 = Release|Any CPU
		{8BFC333A-44A7-405B-BE98-F5DF1B5D02EB}.Release|ARM.Deploy.0 = Release|Any CPU
		{8BFC333A-44A7-405B-BE98-F5DF1B5D02EB}.Release|ARM64.ActiveCfg = Release|Any CPU
		{8BFC333A-44A7-405B-BE98-F5DF1B5D02EB}.Release|ARM64.Build.0 = Release|Any CPU
		{8BFC333A-44A7-405B-BE98-F5DF1B5D02EB}.Release|ARM64.Deploy.0 = Release|Any CPU
		{8BFC333A-44A7-405B-BE98-F5DF1B5D02EB}.Release|iPhone.ActiveCfg = Release|Any CPU
		{8BFC333A-44A7-405B-BE98-F5DF1B5D02EB}.Release|iPhone.Build.0 = Release|Any CPU
		{8BFC333A-44A7-405B-BE98-F5DF1B5D02EB}.Release|iPhone.Deploy.0 = Release|Any CPU
		{8BFC333A-44A7-405B-BE98-F5DF1B5D02EB}.Release|iPhoneSimulator.ActiveCfg = Release|Any CPU
		{8BFC333A-44A7-405B-BE98-F5DF1B5D02EB}.Release|iPhoneSimulator.Build.0 = Release|Any CPU
		{8BFC333A-44A7-405B-BE98-F5DF1B5D02EB}.Release|iPhoneSimulator.Deploy.0 = Release|Any CPU
		{8BFC333A-44A7-405B-BE98-F5DF1B5D02EB}.Release|x64.ActiveCfg = Release|Any CPU
		{8BFC333A-44A7-405B-BE98-F5DF1B5D02EB}.Release|x64.Build.0 = Release|Any CPU
		{8BFC333A-44A7-405B-BE98-F5DF1B5D02EB}.Release|x64.Deploy.0 = Release|Any CPU
		{8BFC333A-44A7-405B-BE98-F5DF1B5D02EB}.Release|x86.ActiveCfg = Release|Any CPU
		{8BFC333A-44A7-405B-BE98-F5DF1B5D02EB}.Release|x86.Build.0 = Release|Any CPU
		{8BFC333A-44A7-405B-BE98-F5DF1B5D02EB}.Release|x86.Deploy.0 = Release|Any CPU
		{5CD3C1CB-5DAD-43BB-9D15-B44921D7F0AA}.Debug|Any CPU.ActiveCfg = Debug|iPhoneSimulator
		{5CD3C1CB-5DAD-43BB-9D15-B44921D7F0AA}.Debug|ARM.ActiveCfg = Debug|iPhoneSimulator
		{5CD3C1CB-5DAD-43BB-9D15-B44921D7F0AA}.Debug|ARM64.ActiveCfg = Debug|iPhoneSimulator
		{5CD3C1CB-5DAD-43BB-9D15-B44921D7F0AA}.Debug|iPhone.ActiveCfg = Debug|iPhone
		{5CD3C1CB-5DAD-43BB-9D15-B44921D7F0AA}.Debug|iPhone.Build.0 = Debug|iPhone
		{5CD3C1CB-5DAD-43BB-9D15-B44921D7F0AA}.Debug|iPhoneSimulator.ActiveCfg = Debug|iPhoneSimulator
		{5CD3C1CB-5DAD-43BB-9D15-B44921D7F0AA}.Debug|iPhoneSimulator.Build.0 = Debug|iPhoneSimulator
		{5CD3C1CB-5DAD-43BB-9D15-B44921D7F0AA}.Debug|x64.ActiveCfg = Debug|iPhoneSimulator
		{5CD3C1CB-5DAD-43BB-9D15-B44921D7F0AA}.Debug|x86.ActiveCfg = Debug|iPhoneSimulator
		{5CD3C1CB-5DAD-43BB-9D15-B44921D7F0AA}.Release|Any CPU.ActiveCfg = Release|iPhoneSimulator
		{5CD3C1CB-5DAD-43BB-9D15-B44921D7F0AA}.Release|ARM.ActiveCfg = Release|iPhoneSimulator
		{5CD3C1CB-5DAD-43BB-9D15-B44921D7F0AA}.Release|ARM64.ActiveCfg = Release|iPhoneSimulator
		{5CD3C1CB-5DAD-43BB-9D15-B44921D7F0AA}.Release|iPhone.ActiveCfg = Release|iPhone
		{5CD3C1CB-5DAD-43BB-9D15-B44921D7F0AA}.Release|iPhone.Build.0 = Release|iPhone
		{5CD3C1CB-5DAD-43BB-9D15-B44921D7F0AA}.Release|iPhoneSimulator.ActiveCfg = Release|iPhoneSimulator
		{5CD3C1CB-5DAD-43BB-9D15-B44921D7F0AA}.Release|iPhoneSimulator.Build.0 = Release|iPhoneSimulator
		{5CD3C1CB-5DAD-43BB-9D15-B44921D7F0AA}.Release|x64.ActiveCfg = Release|iPhoneSimulator
		{5CD3C1CB-5DAD-43BB-9D15-B44921D7F0AA}.Release|x86.ActiveCfg = Release|iPhoneSimulator
		{38D12DAB-9FAE-49A1-9736-F014E509A7DA}.Debug|Any CPU.ActiveCfg = Debug|Any CPU
		{38D12DAB-9FAE-49A1-9736-F014E509A7DA}.Debug|Any CPU.Build.0 = Debug|Any CPU
		{38D12DAB-9FAE-49A1-9736-F014E509A7DA}.Debug|ARM.ActiveCfg = Debug|Any CPU
		{38D12DAB-9FAE-49A1-9736-F014E509A7DA}.Debug|ARM.Build.0 = Debug|Any CPU
		{38D12DAB-9FAE-49A1-9736-F014E509A7DA}.Debug|ARM64.ActiveCfg = Debug|Any CPU
		{38D12DAB-9FAE-49A1-9736-F014E509A7DA}.Debug|ARM64.Build.0 = Debug|Any CPU
		{38D12DAB-9FAE-49A1-9736-F014E509A7DA}.Debug|iPhone.ActiveCfg = Debug|Any CPU
		{38D12DAB-9FAE-49A1-9736-F014E509A7DA}.Debug|iPhone.Build.0 = Debug|Any CPU
		{38D12DAB-9FAE-49A1-9736-F014E509A7DA}.Debug|iPhoneSimulator.ActiveCfg = Debug|Any CPU
		{38D12DAB-9FAE-49A1-9736-F014E509A7DA}.Debug|iPhoneSimulator.Build.0 = Debug|Any CPU
		{38D12DAB-9FAE-49A1-9736-F014E509A7DA}.Debug|x64.ActiveCfg = Debug|Any CPU
		{38D12DAB-9FAE-49A1-9736-F014E509A7DA}.Debug|x64.Build.0 = Debug|Any CPU
		{38D12DAB-9FAE-49A1-9736-F014E509A7DA}.Debug|x86.ActiveCfg = Debug|Any CPU
		{38D12DAB-9FAE-49A1-9736-F014E509A7DA}.Debug|x86.Build.0 = Debug|Any CPU
		{38D12DAB-9FAE-49A1-9736-F014E509A7DA}.Release|Any CPU.ActiveCfg = Release|Any CPU
		{38D12DAB-9FAE-49A1-9736-F014E509A7DA}.Release|Any CPU.Build.0 = Release|Any CPU
		{38D12DAB-9FAE-49A1-9736-F014E509A7DA}.Release|ARM.ActiveCfg = Release|Any CPU
		{38D12DAB-9FAE-49A1-9736-F014E509A7DA}.Release|ARM.Build.0 = Release|Any CPU
		{38D12DAB-9FAE-49A1-9736-F014E509A7DA}.Release|ARM64.ActiveCfg = Release|Any CPU
		{38D12DAB-9FAE-49A1-9736-F014E509A7DA}.Release|ARM64.Build.0 = Release|Any CPU
		{38D12DAB-9FAE-49A1-9736-F014E509A7DA}.Release|iPhone.ActiveCfg = Release|Any CPU
		{38D12DAB-9FAE-49A1-9736-F014E509A7DA}.Release|iPhone.Build.0 = Release|Any CPU
		{38D12DAB-9FAE-49A1-9736-F014E509A7DA}.Release|iPhoneSimulator.ActiveCfg = Release|Any CPU
		{38D12DAB-9FAE-49A1-9736-F014E509A7DA}.Release|iPhoneSimulator.Build.0 = Release|Any CPU
		{38D12DAB-9FAE-49A1-9736-F014E509A7DA}.Release|x64.ActiveCfg = Release|Any CPU
		{38D12DAB-9FAE-49A1-9736-F014E509A7DA}.Release|x64.Build.0 = Release|Any CPU
		{38D12DAB-9FAE-49A1-9736-F014E509A7DA}.Release|x86.ActiveCfg = Release|Any CPU
		{38D12DAB-9FAE-49A1-9736-F014E509A7DA}.Release|x86.Build.0 = Release|Any CPU
		{332B6FD4-6642-4C3E-AD0C-BD3B4C5BF14A}.Debug|Any CPU.ActiveCfg = Debug|Any CPU
		{332B6FD4-6642-4C3E-AD0C-BD3B4C5BF14A}.Debug|Any CPU.Build.0 = Debug|Any CPU
		{332B6FD4-6642-4C3E-AD0C-BD3B4C5BF14A}.Debug|ARM.ActiveCfg = Debug|Any CPU
		{332B6FD4-6642-4C3E-AD0C-BD3B4C5BF14A}.Debug|ARM.Build.0 = Debug|Any CPU
		{332B6FD4-6642-4C3E-AD0C-BD3B4C5BF14A}.Debug|ARM64.ActiveCfg = Debug|Any CPU
		{332B6FD4-6642-4C3E-AD0C-BD3B4C5BF14A}.Debug|ARM64.Build.0 = Debug|Any CPU
		{332B6FD4-6642-4C3E-AD0C-BD3B4C5BF14A}.Debug|iPhone.ActiveCfg = Debug|Any CPU
		{332B6FD4-6642-4C3E-AD0C-BD3B4C5BF14A}.Debug|iPhone.Build.0 = Debug|Any CPU
		{332B6FD4-6642-4C3E-AD0C-BD3B4C5BF14A}.Debug|iPhoneSimulator.ActiveCfg = Debug|Any CPU
		{332B6FD4-6642-4C3E-AD0C-BD3B4C5BF14A}.Debug|iPhoneSimulator.Build.0 = Debug|Any CPU
		{332B6FD4-6642-4C3E-AD0C-BD3B4C5BF14A}.Debug|x64.ActiveCfg = Debug|Any CPU
		{332B6FD4-6642-4C3E-AD0C-BD3B4C5BF14A}.Debug|x64.Build.0 = Debug|Any CPU
		{332B6FD4-6642-4C3E-AD0C-BD3B4C5BF14A}.Debug|x86.ActiveCfg = Debug|Any CPU
		{332B6FD4-6642-4C3E-AD0C-BD3B4C5BF14A}.Debug|x86.Build.0 = Debug|Any CPU
		{332B6FD4-6642-4C3E-AD0C-BD3B4C5BF14A}.Release|Any CPU.ActiveCfg = Release|Any CPU
		{332B6FD4-6642-4C3E-AD0C-BD3B4C5BF14A}.Release|Any CPU.Build.0 = Release|Any CPU
		{332B6FD4-6642-4C3E-AD0C-BD3B4C5BF14A}.Release|ARM.ActiveCfg = Release|Any CPU
		{332B6FD4-6642-4C3E-AD0C-BD3B4C5BF14A}.Release|ARM.Build.0 = Release|Any CPU
		{332B6FD4-6642-4C3E-AD0C-BD3B4C5BF14A}.Release|ARM64.ActiveCfg = Release|Any CPU
		{332B6FD4-6642-4C3E-AD0C-BD3B4C5BF14A}.Release|ARM64.Build.0 = Release|Any CPU
		{332B6FD4-6642-4C3E-AD0C-BD3B4C5BF14A}.Release|iPhone.ActiveCfg = Release|Any CPU
		{332B6FD4-6642-4C3E-AD0C-BD3B4C5BF14A}.Release|iPhone.Build.0 = Release|Any CPU
		{332B6FD4-6642-4C3E-AD0C-BD3B4C5BF14A}.Release|iPhoneSimulator.ActiveCfg = Release|Any CPU
		{332B6FD4-6642-4C3E-AD0C-BD3B4C5BF14A}.Release|iPhoneSimulator.Build.0 = Release|Any CPU
		{332B6FD4-6642-4C3E-AD0C-BD3B4C5BF14A}.Release|x64.ActiveCfg = Release|Any CPU
		{332B6FD4-6642-4C3E-AD0C-BD3B4C5BF14A}.Release|x64.Build.0 = Release|Any CPU
		{332B6FD4-6642-4C3E-AD0C-BD3B4C5BF14A}.Release|x86.ActiveCfg = Release|Any CPU
		{332B6FD4-6642-4C3E-AD0C-BD3B4C5BF14A}.Release|x86.Build.0 = Release|Any CPU
	EndGlobalSection
	GlobalSection(SolutionProperties) = preSolution
		HideSolutionNode = FALSE
	EndGlobalSection
	GlobalSection(NestedProjects) = preSolution
		{8BFC333A-44A7-405B-BE98-F5DF1B5D02EB} = {DAE2907A-63FA-41CF-8022-9B2BB3AAC0F5}
		{5CD3C1CB-5DAD-43BB-9D15-B44921D7F0AA} = {DAE2907A-63FA-41CF-8022-9B2BB3AAC0F5}
		{38D12DAB-9FAE-49A1-9736-F014E509A7DA} = {DAE2907A-63FA-41CF-8022-9B2BB3AAC0F5}
	EndGlobalSection
	GlobalSection(ExtensibilityGlobals) = postSolution
		SolutionGuid = {270E2AA6-A081-4AC9-B517-178D9DEA3583}
	EndGlobalSection
EndGlobal
